
Microsoft Visual Studio Solution File, Format Version 12.00
# Visual Studio 15
VisualStudioVersion = 15.0.28307.102
MinimumVisualStudioVersion = 10.0.40219.1
Project("{FAE04EC0-301F-11D3-BF4B-00C04F79EFBC}") = "Sololearn Taskes", "Sololearn Taskes\Sololearn Taskes.csproj", "{2A2AEAFD-FED7-46EE-9369-425761471FAE}"
EndProject
Project("{FAE04EC0-301F-11D3-BF4B-00C04F79EFBC}") = "Task 2", "task2\Task 2.csproj", "{88E38E66-B9BA-4030-9432-3109462CF199}"
EndProject
Project("{FAE04EC0-301F-11D3-BF4B-00C04F79EFBC}") = "Task 3", "task3\Task 3.csproj", "{0F83F325-8752-4E6B-8227-91FA8B5117CF}"
EndProject
Project("{FAE04EC0-301F-11D3-BF4B-00C04F79EFBC}") = "Task 4", "Task4\Task 4.csproj", "{690CC89A-5223-4DB8-BBB2-A26E67F6A5FA}"
EndProject
Project("{FAE04EC0-301F-11D3-BF4B-00C04F79EFBC}") = "Task 5", "task5\Task 5.csproj", "{3BBC0EB1-D0E3-47C6-96E9-827F6F22E271}"
EndProject
Project("{FAE04EC0-301F-11D3-BF4B-00C04F79EFBC}") = "Task 6", "taks6\Task 6.csproj", "{85C59F25-8464-45FB-AAEE-F49F241C2EA4}"
EndProject
Project("{FAE04EC0-301F-11D3-BF4B-00C04F79EFBC}") = "Task 7", "Taks7\Task 7.csproj", "{EF011EE7-61A5-4BCA-8177-48143C56A9D0}"
EndProject
Project("{FAE04EC0-301F-11D3-BF4B-00C04F79EFBC}") = "Task 8", "Task 8\Task 8.csproj", "{7D5DAA52-F81D-4C60-B5B6-D156F6B9BCB6}"
EndProject
Project("{FAE04EC0-301F-11D3-BF4B-00C04F79EFBC}") = "Task 9", "Task 9\Task 9.csproj", "{D37E79E7-5DB1-49DF-BA89-31D310EA8BB9}"
EndProject
Project("{FAE04EC0-301F-11D3-BF4B-00C04F79EFBC}") = "Task 10", "task 10\Task 10.csproj", "{4DD6503F-0A10-42DB-A8C2-DCB04506512C}"
EndProject
Project("{FAE04EC0-301F-11D3-BF4B-00C04F79EFBC}") = "Task 11", "taks 11\Task 11.csproj", "{E762334F-5309-41ED-A205-0CABA0B9785D}"
EndProject
Project("{FAE04EC0-301F-11D3-BF4B-00C04F79EFBC}") = "Task 12", "Task 12\Task 12.csproj", "{BB7FD83A-79EF-4EC3-9A03-AFB8948BA88A}"
EndProject
Project("{FAE04EC0-301F-11D3-BF4B-00C04F79EFBC}") = "Task 13", "Task 13\Task 13.csproj", "{7C82B7A5-4449-491D-90C7-CE8CA83A1534}"
EndProject
Project("{FAE04EC0-301F-11D3-BF4B-00C04F79EFBC}") = "Task 14", "Task 14\Task 14.csproj", "{17D880CA-D5E8-4B98-A838-C702FDA99CE8}"
EndProject
Project("{FAE04EC0-301F-11D3-BF4B-00C04F79EFBC}") = "Task 15", "Task 15\Task 15.csproj", "{0C9CF995-C9F5-46AC-A7EF-77425B5C354F}"
EndProject
Project("{FAE04EC0-301F-11D3-BF4B-00C04F79EFBC}") = "Task 16", "Task 16\Task 16.csproj", "{588480EB-03A6-4889-8502-56A0BB6B2F8C}"
EndProject
Project("{FAE04EC0-301F-11D3-BF4B-00C04F79EFBC}") = "Task 17", "Task 17\Task 17.csproj", "{F135A27B-FDEE-46BD-89CE-46EF714381E7}"
EndProject
Project("{FAE04EC0-301F-11D3-BF4B-00C04F79EFBC}") = "Task 18", "Task 18\Task 18.csproj", "{3DF4749D-5530-4617-A081-7EC01D879186}"
EndProject
Project("{FAE04EC0-301F-11D3-BF4B-00C04F79EFBC}") = "Task 19", "Task 19\Task 19.csproj", "{C5351784-BF47-4E13-95B7-74411DDA82BE}"
EndProject
Project("{FAE04EC0-301F-11D3-BF4B-00C04F79EFBC}") = "Task 20", "Task 20\Task 20.csproj", "{102793FF-BD94-4D88-ACB4-2FF96223B7CC}"
EndProject
Project("{FAE04EC0-301F-11D3-BF4B-00C04F79EFBC}") = "Task 21", "Task 21\Task 21.csproj", "{19203630-F0A6-42A1-882B-A74167497106}"
EndProject
Global
	GlobalSection(SolutionConfigurationPlatforms) = preSolution
		Debug|Any CPU = Debug|Any CPU
		Release|Any CPU = Release|Any CPU
	EndGlobalSection
	GlobalSection(ProjectConfigurationPlatforms) = postSolution
		{2A2AEAFD-FED7-46EE-9369-425761471FAE}.Debug|Any CPU.ActiveCfg = Debug|Any CPU
		{2A2AEAFD-FED7-46EE-9369-425761471FAE}.Debug|Any CPU.Build.0 = Debug|Any CPU
		{2A2AEAFD-FED7-46EE-9369-425761471FAE}.Release|Any CPU.ActiveCfg = Release|Any CPU
		{2A2AEAFD-FED7-46EE-9369-425761471FAE}.Release|Any CPU.Build.0 = Release|Any CPU
		{88E38E66-B9BA-4030-9432-3109462CF199}.Debug|Any CPU.ActiveCfg = Debug|Any CPU
		{88E38E66-B9BA-4030-9432-3109462CF199}.Debug|Any CPU.Build.0 = Debug|Any CPU
		{88E38E66-B9BA-4030-9432-3109462CF199}.Release|Any CPU.ActiveCfg = Release|Any CPU
		{88E38E66-B9BA-4030-9432-3109462CF199}.Release|Any CPU.Build.0 = Release|Any CPU
		{0F83F325-8752-4E6B-8227-91FA8B5117CF}.Debug|Any CPU.ActiveCfg = Debug|Any CPU
		{0F83F325-8752-4E6B-8227-91FA8B5117CF}.Debug|Any CPU.Build.0 = Debug|Any CPU
		{0F83F325-8752-4E6B-8227-91FA8B5117CF}.Release|Any CPU.ActiveCfg = Release|Any CPU
		{0F83F325-8752-4E6B-8227-91FA8B5117CF}.Release|Any CPU.Build.0 = Release|Any CPU
		{690CC89A-5223-4DB8-BBB2-A26E67F6A5FA}.Debug|Any CPU.ActiveCfg = Debug|Any CPU
		{690CC89A-5223-4DB8-BBB2-A26E67F6A5FA}.Debug|Any CPU.Build.0 = Debug|Any CPU
		{690CC89A-5223-4DB8-BBB2-A26E67F6A5FA}.Release|Any CPU.ActiveCfg = Release|Any CPU
		{690CC89A-5223-4DB8-BBB2-A26E67F6A5FA}.Release|Any CPU.Build.0 = Release|Any CPU
		{3BBC0EB1-D0E3-47C6-96E9-827F6F22E271}.Debug|Any CPU.ActiveCfg = Debug|Any CPU
		{3BBC0EB1-D0E3-47C6-96E9-827F6F22E271}.Debug|Any CPU.Build.0 = Debug|Any CPU
		{3BBC0EB1-D0E3-47C6-96E9-827F6F22E271}.Release|Any CPU.ActiveCfg = Release|Any CPU
		{3BBC0EB1-D0E3-47C6-96E9-827F6F22E271}.Release|Any CPU.Build.0 = Release|Any CPU
		{85C59F25-8464-45FB-AAEE-F49F241C2EA4}.Debug|Any CPU.ActiveCfg = Debug|Any CPU
		{85C59F25-8464-45FB-AAEE-F49F241C2EA4}.Debug|Any CPU.Build.0 = Debug|Any CPU
		{85C59F25-8464-45FB-AAEE-F49F241C2EA4}.Release|Any CPU.ActiveCfg = Release|Any CPU
		{85C59F25-8464-45FB-AAEE-F49F241C2EA4}.Release|Any CPU.Build.0 = Release|Any CPU
		{EF011EE7-61A5-4BCA-8177-48143C56A9D0}.Debug|Any CPU.ActiveCfg = Debug|Any CPU
		{EF011EE7-61A5-4BCA-8177-48143C56A9D0}.Debug|Any CPU.Build.0 = Debug|Any CPU
		{EF011EE7-61A5-4BCA-8177-48143C56A9D0}.Release|Any CPU.ActiveCfg = Release|Any CPU
		{EF011EE7-61A5-4BCA-8177-48143C56A9D0}.Release|Any CPU.Build.0 = Release|Any CPU
		{7D5DAA52-F81D-4C60-B5B6-D156F6B9BCB6}.Debug|Any CPU.ActiveCfg = Debug|Any CPU
		{7D5DAA52-F81D-4C60-B5B6-D156F6B9BCB6}.Debug|Any CPU.Build.0 = Debug|Any CPU
		{7D5DAA52-F81D-4C60-B5B6-D156F6B9BCB6}.Release|Any CPU.ActiveCfg = Release|Any CPU
		{7D5DAA52-F81D-4C60-B5B6-D156F6B9BCB6}.Release|Any CPU.Build.0 = Release|Any CPU
		{D37E79E7-5DB1-49DF-BA89-31D310EA8BB9}.Debug|Any CPU.ActiveCfg = Debug|Any CPU
		{D37E79E7-5DB1-49DF-BA89-31D310EA8BB9}.Debug|Any CPU.Build.0 = Debug|Any CPU
		{D37E79E7-5DB1-49DF-BA89-31D310EA8BB9}.Release|Any CPU.ActiveCfg = Release|Any CPU
		{D37E79E7-5DB1-49DF-BA89-31D310EA8BB9}.Release|Any CPU.Build.0 = Release|Any CPU
		{4DD6503F-0A10-42DB-A8C2-DCB04506512C}.Debug|Any CPU.ActiveCfg = Debug|Any CPU
		{4DD6503F-0A10-42DB-A8C2-DCB04506512C}.Debug|Any CPU.Build.0 = Debug|Any CPU
		{4DD6503F-0A10-42DB-A8C2-DCB04506512C}.Release|Any CPU.ActiveCfg = Release|Any CPU
		{4DD6503F-0A10-42DB-A8C2-DCB04506512C}.Release|Any CPU.Build.0 = Release|Any CPU
		{E762334F-5309-41ED-A205-0CABA0B9785D}.Debug|Any CPU.ActiveCfg = Debug|Any CPU
		{E762334F-5309-41ED-A205-0CABA0B9785D}.Debug|Any CPU.Build.0 = Debug|Any CPU
		{E762334F-5309-41ED-A205-0CABA0B9785D}.Release|Any CPU.ActiveCfg = Release|Any CPU
		{E762334F-5309-41ED-A205-0CABA0B9785D}.Release|Any CPU.Build.0 = Release|Any CPU
		{BB7FD83A-79EF-4EC3-9A03-AFB8948BA88A}.Debug|Any CPU.ActiveCfg = Debug|Any CPU
		{BB7FD83A-79EF-4EC3-9A03-AFB8948BA88A}.Debug|Any CPU.Build.0 = Debug|Any CPU
		{BB7FD83A-79EF-4EC3-9A03-AFB8948BA88A}.Release|Any CPU.ActiveCfg = Release|Any CPU
		{BB7FD83A-79EF-4EC3-9A03-AFB8948BA88A}.Release|Any CPU.Build.0 = Release|Any CPU
		{7C82B7A5-4449-491D-90C7-CE8CA83A1534}.Debug|Any CPU.ActiveCfg = Debug|Any CPU
		{7C82B7A5-4449-491D-90C7-CE8CA83A1534}.Debug|Any CPU.Build.0 = Debug|Any CPU
		{7C82B7A5-4449-491D-90C7-CE8CA83A1534}.Release|Any CPU.ActiveCfg = Release|Any CPU
		{7C82B7A5-4449-491D-90C7-CE8CA83A1534}.Release|Any CPU.Build.0 = Release|Any CPU
		{17D880CA-D5E8-4B98-A838-C702FDA99CE8}.Debug|Any CPU.ActiveCfg = Debug|Any CPU
		{17D880CA-D5E8-4B98-A838-C702FDA99CE8}.Debug|Any CPU.Build.0 = Debug|Any CPU
		{17D880CA-D5E8-4B98-A838-C702FDA99CE8}.Release|Any CPU.ActiveCfg = Release|Any CPU
		{17D880CA-D5E8-4B98-A838-C702FDA99CE8}.Release|Any CPU.Build.0 = Release|Any CPU
		{0C9CF995-C9F5-46AC-A7EF-77425B5C354F}.Debug|Any CPU.ActiveCfg = Debug|Any CPU
		{0C9CF995-C9F5-46AC-A7EF-77425B5C354F}.Debug|Any CPU.Build.0 = Debug|Any CPU
		{0C9CF995-C9F5-46AC-A7EF-77425B5C354F}.Release|Any CPU.ActiveCfg = Release|Any CPU
		{0C9CF995-C9F5-46AC-A7EF-77425B5C354F}.Release|Any CPU.Build.0 = Release|Any CPU
		{588480EB-03A6-4889-8502-56A0BB6B2F8C}.Debug|Any CPU.ActiveCfg = Debug|Any CPU
		{588480EB-03A6-4889-8502-56A0BB6B2F8C}.Debug|Any CPU.Build.0 = Debug|Any CPU
		{588480EB-03A6-4889-8502-56A0BB6B2F8C}.Release|Any CPU.ActiveCfg = Release|Any CPU
		{588480EB-03A6-4889-8502-56A0BB6B2F8C}.Release|Any CPU.Build.0 = Release|Any CPU
		{F135A27B-FDEE-46BD-89CE-46EF714381E7}.Debug|Any CPU.ActiveCfg = Debug|Any CPU
		{F135A27B-FDEE-46BD-89CE-46EF714381E7}.Debug|Any CPU.Build.0 = Debug|Any CPU
		{F135A27B-FDEE-46BD-89CE-46EF714381E7}.Release|Any CPU.ActiveCfg = Release|Any CPU
		{F135A27B-FDEE-46BD-89CE-46EF714381E7}.Release|Any CPU.Build.0 = Release|Any CPU
		{3DF4749D-5530-4617-A081-7EC01D879186}.Debug|Any CPU.ActiveCfg = Debug|Any CPU
		{3DF4749D-5530-4617-A081-7EC01D879186}.Debug|Any CPU.Build.0 = Debug|Any CPU
		{3DF4749D-5530-4617-A081-7EC01D879186}.Release|Any CPU.ActiveCfg = Release|Any CPU
		{3DF4749D-5530-4617-A081-7EC01D879186}.Release|Any CPU.Build.0 = Release|Any CPU
		{C5351784-BF47-4E13-95B7-74411DDA82BE}.Debug|Any CPU.ActiveCfg = Debug|Any CPU
		{C5351784-BF47-4E13-95B7-74411DDA82BE}.Debug|Any CPU.Build.0 = Debug|Any CPU
		{C5351784-BF47-4E13-95B7-74411DDA82BE}.Release|Any CPU.ActiveCfg = Release|Any CPU
		{C5351784-BF47-4E13-95B7-74411DDA82BE}.Release|Any CPU.Build.0 = Release|Any CPU
		{102793FF-BD94-4D88-ACB4-2FF96223B7CC}.Debug|Any CPU.ActiveCfg = Debug|Any CPU
		{102793FF-BD94-4D88-ACB4-2FF96223B7CC}.Debug|Any CPU.Build.0 = Debug|Any CPU
		{102793FF-BD94-4D88-ACB4-2FF96223B7CC}.Release|Any CPU.ActiveCfg = Release|Any CPU
		{102793FF-BD94-4D88-ACB4-2FF96223B7CC}.Release|Any CPU.Build.0 = Release|Any CPU
		{19203630-F0A6-42A1-882B-A74167497106}.Debug|Any CPU.ActiveCfg = Debug|Any CPU
		{19203630-F0A6-42A1-882B-A74167497106}.Debug|Any CPU.Build.0 = Debug|Any CPU
		{19203630-F0A6-42A1-882B-A74167497106}.Release|Any CPU.ActiveCfg = Release|Any CPU
		{19203630-F0A6-42A1-882B-A74167497106}.Release|Any CPU.Build.0 = Release|Any CPU
	EndGlobalSection
	GlobalSection(SolutionProperties) = preSolution
		HideSolutionNode = FALSE
	EndGlobalSection
	GlobalSection(ExtensibilityGlobals) = postSolution
		SolutionGuid = {6C5F3D9E-11D7-498C-B9BB-49C4C7317B6E}
	EndGlobalSection
EndGlobal
