
Microsoft Visual Studio Solution File, Format Version 12.00
# Visual Studio 15
VisualStudioVersion = 15.0.28307.102
MinimumVisualStudioVersion = 10.0.40219.1
Project("{FAE04EC0-301F-11D3-BF4B-00C04F79EFBC}") = "Sololearn Taskes", "Sololearn Taskes\Sololearn Taskes.csproj", "{2A2AEAFD-FED7-46EE-9369-425761471FAE}"
EndProject
Global
	GlobalSection(SolutionConfigurationPlatforms) = preSolution
		Debug|Any CPU = Debug|Any CPU
		Release|Any CPU = Release|Any CPU
	EndGlobalSection
	GlobalSection(ProjectConfigurationPlatforms) = postSolution
		{2A2AEAFD-FED7-46EE-9369-425761471FAE}.Debug|Any CPU.ActiveCfg = Debug|Any CPU
		{2A2AEAFD-FED7-46EE-9369-425761471FAE}.Debug|Any CPU.Build.0 = Debug|Any CPU
		{2A2AEAFD-FED7-46EE-9369-425761471FAE}.Release|Any CPU.ActiveCfg = Release|Any CPU
		{2A2AEAFD-FED7-46EE-9369-425761471FAE}.Release|Any CPU.Build.0 = Release|Any CPU
	EndGlobalSection
	GlobalSection(SolutionProperties) = preSolution
		HideSolutionNode = FALSE
	EndGlobalSection
	GlobalSection(ExtensibilityGlobals) = postSolution
		SolutionGuid = {6C5F3D9E-11D7-498C-B9BB-49C4C7317B6E}
	EndGlobalSection
EndGlobal
